
Microsoft Visual Studio Solution File, Format Version 12.00
# Visual Studio Version 17
VisualStudioVersion = 17.2.32616.157
MinimumVisualStudioVersion = 10.0.40219.1
Project("{FAE04EC0-301F-11D3-BF4B-00C04F79EFBC}") = "ZplFlow", "ZplFlow\ZplFlow.csproj", "{EAF515DE-5E97-4347-AE08-AD3A80AEDB63}"
EndProject
Global
	GlobalSection(SolutionConfigurationPlatforms) = preSolution
		Debug|Any CPU = Debug|Any CPU
		Release|Any CPU = Release|Any CPU
	EndGlobalSection
	GlobalSection(ProjectConfigurationPlatforms) = postSolution
		{EAF515DE-5E97-4347-AE08-AD3A80AEDB63}.Debug|Any CPU.ActiveCfg = Debug|Any CPU
		{EAF515DE-5E97-4347-AE08-AD3A80AEDB63}.Debug|Any CPU.Build.0 = Debug|Any CPU
		{EAF515DE-5E97-4347-AE08-AD3A80AEDB63}.Release|Any CPU.ActiveCfg = Release|Any CPU
		{EAF515DE-5E97-4347-AE08-AD3A80AEDB63}.Release|Any CPU.Build.0 = Release|Any CPU
	EndGlobalSection
	GlobalSection(SolutionProperties) = preSolution
		HideSolutionNode = FALSE
	EndGlobalSection
	GlobalSection(ExtensibilityGlobals) = postSolution
		SolutionGuid = {ECB08B1C-FF50-4F95-96A9-53C25E802375}
	EndGlobalSection
EndGlobal
